<?xml version="1.0" encoding="utf-8"?>
<Project ToolsVersion="4.0" xmlns="http://schemas.microsoft.com/developer/msbuild/2003">
  <ItemGroup>
    <ClInclude Include="..\Common\BasicType.h">
      <Filter>Common</Filter>
    </ClInclude>
    <ClInclude Include="QueryProcessor\Tokenizer.h">
      <Filter>QueryProcessor</Filter>
    </ClInclude>
    <ClInclude Include="QueryProcessor\Parser.h">
      <Filter>QueryProcessor</Filter>
    </ClInclude>
    <ClInclude Include="Client\Client.h">
      <Filter>Client</Filter>
    </ClInclude>
    <ClInclude Include="StorageEngine\MemoryStorage.h">
      <Filter>StorageEngine</Filter>
    </ClInclude>
    <ClInclude Include="QueryProcessor\LogicalPlan.h">
      <Filter>QueryProcessor</Filter>
    </ClInclude>
    <ClInclude Include="Catalog.h" />
    <ClInclude Include="Schema.h" />
    <ClInclude Include="QueryProcessor\Analyzer.h">
      <Filter>QueryProcessor</Filter>
    </ClInclude>
    <ClInclude Include="QueryProcessor\ExecutionPlan.h">
      <Filter>QueryProcessor</Filter>
    </ClInclude>
    <ClInclude Include="QueryProcessor\Optimizer.h">
      <Filter>QueryProcessor</Filter>
    </ClInclude>
    <ClInclude Include="Client\SqlCommand.h">
      <Filter>Client</Filter>
    </ClInclude>
  </ItemGroup>
  <ItemGroup>
    <ClCompile Include="QueryProcessor\Tokenizer.cpp">
      <Filter>QueryProcessor</Filter>
    </ClCompile>
    <ClCompile Include="QueryProcessor\Parser.cpp">
      <Filter>QueryProcessor</Filter>
    </ClCompile>
  </ItemGroup>
  <ItemGroup>
    <Filter Include="Common">
      <UniqueIdentifier>{b66a9375-f77d-4859-a362-5190fa3ba387}</UniqueIdentifier>
    </Filter>
    <Filter Include="QueryProcessor">
      <UniqueIdentifier>{85d3dcbb-45f9-4e32-8294-890901a21369}</UniqueIdentifier>
    </Filter>
    <Filter Include="Client">
      <UniqueIdentifier>{7a5fd9a2-0b71-484e-a127-48e672055b08}</UniqueIdentifier>
    </Filter>
    <Filter Include="StorageEngine">
      <UniqueIdentifier>{3239043a-bb98-4b24-b171-d399c980eb30}</UniqueIdentifier>
    </Filter>
  </ItemGroup>
  <ItemGroup>
    <Text Include="QueryProcessor\SqlSamples.txt">
      <Filter>QueryProcessor</Filter>
    </Text>
  </ItemGroup>
</Project>